# This file is automatically @generated by Poetry 1.8.3 and should not be changed by hand.

[[package]]
name = "beautifulsoup4"
version = "4.12.3"
description = "Screen-scraping library"
optional = false
python-versions = ">=3.6.0"
files = [
    {file = "beautifulsoup4-4.12.3-py3-none-any.whl", hash = "sha256:b80878c9f40111313e55da8ba20bdba06d8fa3969fc68304167741bbf9e082ed"},
    {file = "beautifulsoup4-4.12.3.tar.gz", hash = "sha256:74e3d1928edc070d21748185c46e3fb33490f22f52a3addee9aee0f4f7781051"},
]

[package.dependencies]
soupsieve = ">1.2"

[package.extras]
cchardet = ["cchardet"]
chardet = ["chardet"]
charset-normalizer = ["charset-normalizer"]
html5lib = ["html5lib"]
lxml = ["lxml"]

[[package]]
name = "mysqlclient"
version = "2.2.5"
description = "Python interface to MySQL"
optional = true
python-versions = ">=3.8"
files = [
    {file = "mysqlclient-2.2.5-cp310-cp310-win_amd64.whl", hash = "sha256:b78438314199504c64f69e1e3521f2c9b419f19fcd85158b44c997b64409a6af"},
    {file = "mysqlclient-2.2.5-cp311-cp311-win_amd64.whl", hash = "sha256:b54511648c1455b43ac28f8b4c1f732c5b0c343e87f7a3bd6fc9f9fe0f91934e"},
    {file = "mysqlclient-2.2.5-cp312-cp312-win_amd64.whl", hash = "sha256:e871ede4261d0d42b8ed20a2459db411c7deafedd8e77b7e4ba760be4a6a752b"},
    {file = "mysqlclient-2.2.5-cp313-cp313-win_amd64.whl", hash = "sha256:8012c633aab8c91ea8172ac479807135b171501b9cad1a7cd9b58c4dc8dcdab5"},
    {file = "mysqlclient-2.2.5-cp39-cp39-win_amd64.whl", hash = "sha256:3f9625bea2b9bcde0ace76b32708762d44597491092c819fd1bff5b4e27f709b"},
    {file = "mysqlclient-2.2.5-pp310-pypy310_pp73-win_amd64.whl", hash = "sha256:1d2e2ca0fe8405d8d6464edd01bf059951279e4bc27284d39341bd4737b2bc64"},
    {file = "mysqlclient-2.2.5-pp39-pypy39_pp73-win_amd64.whl", hash = "sha256:aee14f1872114865679fcb09aac3772de4595fa7dcf2f83a4c7afee15e508854"},
    {file = "mysqlclient-2.2.5.tar.gz", hash = "sha256:add8643c32f738014d252d2bdebb478623b04802e8396d5903905db36474d3ff"},
]

[[package]]
name = "soupsieve"
version = "2.6"
description = "A modern CSS selector implementation for Beautiful Soup."
optional = false
python-versions = ">=3.8"
files = [
    {file = "soupsieve-2.6-py3-none-any.whl", hash = "sha256:e72c4ff06e4fb6e4b5a9f0f55fe6e81514581fca1515028625d0f299c602ccc9"},
    {file = "soupsieve-2.6.tar.gz", hash = "sha256:e2e68417777af359ec65daac1057404a3c8a5455bb8abc36f1a9866ab1a51abb"},
]

[metadata]
lock-version = "2.0"
python-versions = "^3.10"
content-hash = "480070f259704ea7120db1f640be8c5ed993caed9a2b735b8fd55697a1728ba3"
